
Microsoft Visual Studio Solution File, Format Version 12.00
Project("{FAE04EC0-301F-11D3-BF4B-00C04F79EFBC}") = "Housing", "Housing\Housing.csproj", "{974106AF-26A1-4E83-814E-70DA167429A4}"
EndProject
Global
	GlobalSection(SolutionConfigurationPlatforms) = preSolution
		Debug|Any CPU = Debug|Any CPU
		Release|Any CPU = Release|Any CPU
	EndGlobalSection
	GlobalSection(ProjectConfigurationPlatforms) = postSolution
		{974106AF-26A1-4E83-814E-70DA167429A4}.Debug|Any CPU.ActiveCfg = Debug|Any CPU
		{974106AF-26A1-4E83-814E-70DA167429A4}.Debug|Any CPU.Build.0 = Debug|Any CPU
		{974106AF-26A1-4E83-814E-70DA167429A4}.Release|Any CPU.ActiveCfg = Release|Any CPU
		{974106AF-26A1-4E83-814E-70DA167429A4}.Release|Any CPU.Build.0 = Release|Any CPU
	EndGlobalSection
EndGlobal
